
Microsoft Visual Studio Solution File, Format Version 12.00
# Visual Studio Version 17
VisualStudioVersion = 17.0.31903.59
MinimumVisualStudioVersion = 10.0.40219.1
Project("{2150E333-8FDC-42A3-9474-1A3956D46DE8}") = "src", "src", "{827E0CD3-B72D-47B6-A68D-7590B98EB39B}"
EndProject
Project("{FAE04EC0-301F-11D3-BF4B-00C04F79EFBC}") = "BootWakeMailer.Shared", "src\BootWakeMailer.Shared\BootWakeMailer.Shared.csproj", "{71EB5281-ECEA-4287-ACB6-3450A67C47B5}"
EndProject
Project("{FAE04EC0-301F-11D3-BF4B-00C04F79EFBC}") = "BootWakeMailer.Service", "src\BootWakeMailer.Service\BootWakeMailer.Service.csproj", "{00C81BA3-B0A4-46B8-833F-97E50D7F5C05}"
EndProject
Project("{FAE04EC0-301F-11D3-BF4B-00C04F79EFBC}") = "BootWakeMailer.ConfigTool", "src\BootWakeMailer.ConfigTool\BootWakeMailer.ConfigTool.csproj", "{D476FE02-B1C7-4292-8B6A-B732DF8F0DC6}"
EndProject
Project("{2150E333-8FDC-42A3-9474-1A3956D46DE8}") = "tests", "tests", "{0AB3BF05-4346-4AA6-1389-037BE0695223}"
EndProject
Project("{FAE04EC0-301F-11D3-BF4B-00C04F79EFBC}") = "BootWakeMailer.Tests", "tests\BootWakeMailer.Tests\BootWakeMailer.Tests.csproj", "{70367835-F3B6-4EA0-A3C0-C82C0F1B499B}"
EndProject
Global
	GlobalSection(SolutionConfigurationPlatforms) = preSolution
		Debug|Any CPU = Debug|Any CPU
		Debug|x64 = Debug|x64
		Debug|x86 = Debug|x86
		Release|Any CPU = Release|Any CPU
		Release|x64 = Release|x64
		Release|x86 = Release|x86
	EndGlobalSection
	GlobalSection(ProjectConfigurationPlatforms) = postSolution
		{71EB5281-ECEA-4287-ACB6-3450A67C47B5}.Debug|Any CPU.ActiveCfg = Debug|Any CPU
		{71EB5281-ECEA-4287-ACB6-3450A67C47B5}.Debug|Any CPU.Build.0 = Debug|Any CPU
		{71EB5281-ECEA-4287-ACB6-3450A67C47B5}.Debug|x64.ActiveCfg = Debug|Any CPU
		{71EB5281-ECEA-4287-ACB6-3450A67C47B5}.Debug|x64.Build.0 = Debug|Any CPU
		{71EB5281-ECEA-4287-ACB6-3450A67C47B5}.Debug|x86.ActiveCfg = Debug|Any CPU
		{71EB5281-ECEA-4287-ACB6-3450A67C47B5}.Debug|x86.Build.0 = Debug|Any CPU
		{71EB5281-ECEA-4287-ACB6-3450A67C47B5}.Release|Any CPU.ActiveCfg = Release|Any CPU
		{71EB5281-ECEA-4287-ACB6-3450A67C47B5}.Release|Any CPU.Build.0 = Release|Any CPU
		{71EB5281-ECEA-4287-ACB6-3450A67C47B5}.Release|x64.ActiveCfg = Release|Any CPU
		{71EB5281-ECEA-4287-ACB6-3450A67C47B5}.Release|x64.Build.0 = Release|Any CPU
		{71EB5281-ECEA-4287-ACB6-3450A67C47B5}.Release|x86.ActiveCfg = Release|Any CPU
		{71EB5281-ECEA-4287-ACB6-3450A67C47B5}.Release|x86.Build.0 = Release|Any CPU
		{00C81BA3-B0A4-46B8-833F-97E50D7F5C05}.Debug|Any CPU.ActiveCfg = Debug|Any CPU
		{00C81BA3-B0A4-46B8-833F-97E50D7F5C05}.Debug|Any CPU.Build.0 = Debug|Any CPU
		{00C81BA3-B0A4-46B8-833F-97E50D7F5C05}.Debug|x64.ActiveCfg = Debug|Any CPU
		{00C81BA3-B0A4-46B8-833F-97E50D7F5C05}.Debug|x64.Build.0 = Debug|Any CPU
		{00C81BA3-B0A4-46B8-833F-97E50D7F5C05}.Debug|x86.ActiveCfg = Debug|Any CPU
		{00C81BA3-B0A4-46B8-833F-97E50D7F5C05}.Debug|x86.Build.0 = Debug|Any CPU
		{00C81BA3-B0A4-46B8-833F-97E50D7F5C05}.Release|Any CPU.ActiveCfg = Release|Any CPU
		{00C81BA3-B0A4-46B8-833F-97E50D7F5C05}.Release|Any CPU.Build.0 = Release|Any CPU
		{00C81BA3-B0A4-46B8-833F-97E50D7F5C05}.Release|x64.ActiveCfg = Release|Any CPU
		{00C81BA3-B0A4-46B8-833F-97E50D7F5C05}.Release|x64.Build.0 = Release|Any CPU
		{00C81BA3-B0A4-46B8-833F-97E50D7F5C05}.Release|x86.ActiveCfg = Release|Any CPU
		{00C81BA3-B0A4-46B8-833F-97E50D7F5C05}.Release|x86.Build.0 = Release|Any CPU
		{D476FE02-B1C7-4292-8B6A-B732DF8F0DC6}.Debug|Any CPU.ActiveCfg = Debug|Any CPU
		{D476FE02-B1C7-4292-8B6A-B732DF8F0DC6}.Debug|Any CPU.Build.0 = Debug|Any CPU
		{D476FE02-B1C7-4292-8B6A-B732DF8F0DC6}.Debug|x64.ActiveCfg = Debug|Any CPU
		{D476FE02-B1C7-4292-8B6A-B732DF8F0DC6}.Debug|x64.Build.0 = Debug|Any CPU
		{D476FE02-B1C7-4292-8B6A-B732DF8F0DC6}.Debug|x86.ActiveCfg = Debug|Any CPU
		{D476FE02-B1C7-4292-8B6A-B732DF8F0DC6}.Debug|x86.Build.0 = Debug|Any CPU
		{D476FE02-B1C7-4292-8B6A-B732DF8F0DC6}.Release|Any CPU.ActiveCfg = Release|Any CPU
		{D476FE02-B1C7-4292-8B6A-B732DF8F0DC6}.Release|Any CPU.Build.0 = Release|Any CPU
		{D476FE02-B1C7-4292-8B6A-B732DF8F0DC6}.Release|x64.ActiveCfg = Release|Any CPU
		{D476FE02-B1C7-4292-8B6A-B732DF8F0DC6}.Release|x64.Build.0 = Release|Any CPU
		{D476FE02-B1C7-4292-8B6A-B732DF8F0DC6}.Release|x86.ActiveCfg = Release|Any CPU
		{D476FE02-B1C7-4292-8B6A-B732DF8F0DC6}.Release|x86.Build.0 = Release|Any CPU
		{70367835-F3B6-4EA0-A3C0-C82C0F1B499B}.Debug|Any CPU.ActiveCfg = Debug|Any CPU
		{70367835-F3B6-4EA0-A3C0-C82C0F1B499B}.Debug|Any CPU.Build.0 = Debug|Any CPU
		{70367835-F3B6-4EA0-A3C0-C82C0F1B499B}.Debug|x64.ActiveCfg = Debug|Any CPU
		{70367835-F3B6-4EA0-A3C0-C82C0F1B499B}.Debug|x64.Build.0 = Debug|Any CPU
		{70367835-F3B6-4EA0-A3C0-C82C0F1B499B}.Debug|x86.ActiveCfg = Debug|Any CPU
		{70367835-F3B6-4EA0-A3C0-C82C0F1B499B}.Debug|x86.Build.0 = Debug|Any CPU
		{70367835-F3B6-4EA0-A3C0-C82C0F1B499B}.Release|Any CPU.ActiveCfg = Release|Any CPU
		{70367835-F3B6-4EA0-A3C0-C82C0F1B499B}.Release|Any CPU.Build.0 = Release|Any CPU
		{70367835-F3B6-4EA0-A3C0-C82C0F1B499B}.Release|x64.ActiveCfg = Release|Any CPU
		{70367835-F3B6-4EA0-A3C0-C82C0F1B499B}.Release|x64.Build.0 = Release|Any CPU
		{70367835-F3B6-4EA0-A3C0-C82C0F1B499B}.Release|x86.ActiveCfg = Release|Any CPU
		{70367835-F3B6-4EA0-A3C0-C82C0F1B499B}.Release|x86.Build.0 = Release|Any CPU
	EndGlobalSection
	GlobalSection(SolutionProperties) = preSolution
		HideSolutionNode = FALSE
	EndGlobalSection
	GlobalSection(NestedProjects) = preSolution
		{71EB5281-ECEA-4287-ACB6-3450A67C47B5} = {827E0CD3-B72D-47B6-A68D-7590B98EB39B}
		{00C81BA3-B0A4-46B8-833F-97E50D7F5C05} = {827E0CD3-B72D-47B6-A68D-7590B98EB39B}
		{D476FE02-B1C7-4292-8B6A-B732DF8F0DC6} = {827E0CD3-B72D-47B6-A68D-7590B98EB39B}
		{70367835-F3B6-4EA0-A3C0-C82C0F1B499B} = {0AB3BF05-4346-4AA6-1389-037BE0695223}
	EndGlobalSection
EndGlobal
